
Microsoft Visual Studio Solution File, Format Version 12.00
# Visual Studio Version 17
VisualStudioVersion = 17.14.36414.22 d17.14
MinimumVisualStudioVersion = 10.0.40219.1
Project("{FAE04EC0-301F-11D3-BF4B-00C04F79EFBC}") = "QuizApp", "QuizApp\QuizApp.csproj", "{7B809C46-C4F8-4EFB-A022-6E40875B568F}"
EndProject
Global
	GlobalSection(SolutionConfigurationPlatforms) = preSolution
		Debug|Any CPU = Debug|Any CPU
		Release|Any CPU = Release|Any CPU
	EndGlobalSection
	GlobalSection(ProjectConfigurationPlatforms) = postSolution
		{7B809C46-C4F8-4EFB-A022-6E40875B568F}.Debug|Any CPU.ActiveCfg = Debug|Any CPU
		{7B809C46-C4F8-4EFB-A022-6E40875B568F}.Debug|Any CPU.Build.0 = Debug|Any CPU
		{7B809C46-C4F8-4EFB-A022-6E40875B568F}.Release|Any CPU.ActiveCfg = Release|Any CPU
		{7B809C46-C4F8-4EFB-A022-6E40875B568F}.Release|Any CPU.Build.0 = Release|Any CPU
	EndGlobalSection
	GlobalSection(SolutionProperties) = preSolution
		HideSolutionNode = FALSE
	EndGlobalSection
	GlobalSection(ExtensibilityGlobals) = postSolution
		SolutionGuid = {1C6EA600-15CA-4368-A745-F0CBB58B45B0}
	EndGlobalSection
EndGlobal
